// !$*UTF8*$!
{
	archiveVersion = 1;
	classes = {
	};
	objectVersion = 56;
	objects = {

/* Begin PBXBuildFile section */
		5B2089AD2C9E69D80064028E /* SkystonesApp.swift in Sources */ = {isa = PBXBuildFile; fileRef = 5B2089AC2C9E69D80064028E /* SkystonesApp.swift */; };
		5B2089B42C9E69D90064028E /* Preview Assets.xcassets in Resources */ = {isa = PBXBuildFile; fileRef = 5B2089B32C9E69D90064028E /* Preview Assets.xcassets */; };
		5B2089BB2C9E6B2D0064028E /* GameBoardView.swift in Sources */ = {isa = PBXBuildFile; fileRef = 5B2089BA2C9E6B2D0064028E /* GameBoardView.swift */; };
		5B2089BD2C9E6D210064028E /* SkystoneView.swift in Sources */ = {isa = PBXBuildFile; fileRef = 5B2089BC2C9E6D210064028E /* SkystoneView.swift */; };
		5B2089BF2C9E71CA0064028E /* GameViewModel.swift in Sources */ = {isa = PBXBuildFile; fileRef = 5B2089BE2C9E71CA0064028E /* GameViewModel.swift */; };
		5B2089C12C9E74E00064028E /* EmptyCellView.swift in Sources */ = {isa = PBXBuildFile; fileRef = 5B2089C02C9E74E00064028E /* EmptyCellView.swift */; };
		5B2089C52C9F5EC80064028E /* GameModel.swift in Sources */ = {isa = PBXBuildFile; fileRef = 5B2089C42C9F5EC80064028E /* GameModel.swift */; };
		5B2089CA2C9FDFCB0064028E /* GIFView.swift in Sources */ = {isa = PBXBuildFile; fileRef = 5B2089C92C9FDFCA0064028E /* GIFView.swift */; };
		5B2089CB2C9FE0930064028E /* Assets.xcassets in Resources */ = {isa = PBXBuildFile; fileRef = 5B2089B02C9E69D90064028E /* Assets.xcassets */; };
		5B2089CD2C9FE1040064028E /* BoardBG.gif in Resources */ = {isa = PBXBuildFile; fileRef = 5B2089CC2C9FE1040064028E /* BoardBG.gif */; };
		5B2089D12CA0F4310064028E /* TitleView.swift in Sources */ = {isa = PBXBuildFile; fileRef = 5B2089D02CA0F4310064028E /* TitleView.swift */; };
		5B2089D32CA11A3B0064028E /* PVPView.swift in Sources */ = {isa = PBXBuildFile; fileRef = 5B2089D22CA11A3B0064028E /* PVPView.swift */; };
		5B2089D52CA24AB20064028E /* PVCView.swift in Sources */ = {isa = PBXBuildFile; fileRef = 5B2089D42CA24AB20064028E /* PVCView.swift */; };
		5B2089DF2CA8FA380064028E /* PieceSelectionView.swift in Sources */ = {isa = PBXBuildFile; fileRef = 5B2089DE2CA8FA380064028E /* PieceSelectionView.swift */; };
		5B2089E12CAB3FC80064028E /* portal.gif in Resources */ = {isa = PBXBuildFile; fileRef = 5B2089E02CAB3FC70064028E /* portal.gif */; };
		5B2089E32CBB770B0064028E /* InstructionsView.swift in Sources */ = {isa = PBXBuildFile; fileRef = 5B2089E22CBB770B0064028E /* InstructionsView.swift */; };
		5B2089E62CBCD92D0064028E /* LaunchScreen.storyboard in Resources */ = {isa = PBXBuildFile; fileRef = 5B2089E52CBCD92D0064028E /* LaunchScreen.storyboard */; };
		5B2089E82CC0BBDB0064028E /* DifficultySelectionView.swift in Sources */ = {isa = PBXBuildFile; fileRef = 5B2089E72CC0BBDB0064028E /* DifficultySelectionView.swift */; };
/* End PBXBuildFile section */

/* Begin PBXFileReference section */
		5B2089A92C9E69D80064028E /* Skystones.app */ = {isa = PBXFileReference; explicitFileType = wrapper.application; includeInIndex = 0; path = Skystones.app; sourceTree = BUILT_PRODUCTS_DIR; };
		5B2089AC2C9E69D80064028E /* SkystonesApp.swift */ = {isa = PBXFileReference; lastKnownFileType = sourcecode.swift; path = SkystonesApp.swift; sourceTree = "<group>"; };
		5B2089B02C9E69D90064028E /* Assets.xcassets */ = {isa = PBXFileReference; lastKnownFileType = folder.assetcatalog; path = Assets.xcassets; sourceTree = "<group>"; };
		5B2089B32C9E69D90064028E /* Preview Assets.xcassets */ = {isa = PBXFileReference; lastKnownFileType = folder.assetcatalog; path = "Preview Assets.xcassets"; sourceTree = "<group>"; };
		5B2089BA2C9E6B2D0064028E /* GameBoardView.swift */ = {isa = PBXFileReference; lastKnownFileType = sourcecode.swift; path = GameBoardView.swift; sourceTree = "<group>"; };
		5B2089BC2C9E6D210064028E /* SkystoneView.swift */ = {isa = PBXFileReference; lastKnownFileType = sourcecode.swift; path = SkystoneView.swift; sourceTree = "<group>"; };
		5B2089BE2C9E71CA0064028E /* GameViewModel.swift */ = {isa = PBXFileReference; lastKnownFileType = sourcecode.swift; path = GameViewModel.swift; sourceTree = "<group>"; };
		5B2089C02C9E74E00064028E /* EmptyCellView.swift */ = {isa = PBXFileReference; lastKnownFileType = sourcecode.swift; path = EmptyCellView.swift; sourceTree = "<group>"; };
		5B2089C42C9F5EC80064028E /* GameModel.swift */ = {isa = PBXFileReference; lastKnownFileType = sourcecode.swift; path = GameModel.swift; sourceTree = "<group>"; };
		5B2089C92C9FDFCA0064028E /* GIFView.swift */ = {isa = PBXFileReference; lastKnownFileType = sourcecode.swift; path = GIFView.swift; sourceTree = "<group>"; };
		5B2089CC2C9FE1040064028E /* BoardBG.gif */ = {isa = PBXFileReference; lastKnownFileType = image.gif; path = BoardBG.gif; sourceTree = "<group>"; };
		5B2089D02CA0F4310064028E /* TitleView.swift */ = {isa = PBXFileReference; lastKnownFileType = sourcecode.swift; path = TitleView.swift; sourceTree = "<group>"; };
		5B2089D22CA11A3B0064028E /* PVPView.swift */ = {isa = PBXFileReference; lastKnownFileType = sourcecode.swift; path = PVPView.swift; sourceTree = "<group>"; };
		5B2089D42CA24AB20064028E /* PVCView.swift */ = {isa = PBXFileReference; lastKnownFileType = sourcecode.swift; path = PVCView.swift; sourceTree = "<group>"; };
		5B2089DE2CA8FA380064028E /* PieceSelectionView.swift */ = {isa = PBXFileReference; lastKnownFileType = sourcecode.swift; path = PieceSelectionView.swift; sourceTree = "<group>"; };
		5B2089E02CAB3FC70064028E /* portal.gif */ = {isa = PBXFileReference; lastKnownFileType = image.gif; path = portal.gif; sourceTree = "<group>"; };
		5B2089E22CBB770B0064028E /* InstructionsView.swift */ = {isa = PBXFileReference; lastKnownFileType = sourcecode.swift; path = InstructionsView.swift; sourceTree = "<group>"; };
		5B2089E42CBCD8D90064028E /* Info.plist */ = {isa = PBXFileReference; lastKnownFileType = text.plist; path = Info.plist; sourceTree = "<group>"; };
		5B2089E52CBCD92D0064028E /* LaunchScreen.storyboard */ = {isa = PBXFileReference; lastKnownFileType = file.storyboard; path = LaunchScreen.storyboard; sourceTree = "<group>"; };
		5B2089E72CC0BBDB0064028E /* DifficultySelectionView.swift */ = {isa = PBXFileReference; lastKnownFileType = sourcecode.swift; path = DifficultySelectionView.swift; sourceTree = "<group>"; };
/* End PBXFileReference section */

/* Begin PBXFrameworksBuildPhase section */
		5B2089A62C9E69D80064028E /* Frameworks */ = {
			isa = PBXFrameworksBuildPhase;
			buildActionMask = 2147483647;
			files = (
			);
			runOnlyForDeploymentPostprocessing = 0;
		};
/* End PBXFrameworksBuildPhase section */

/* Begin PBXGroup section */
		5B2089A02C9E69D80064028E = {
			isa = PBXGroup;
			children = (
				5B2089AB2C9E69D80064028E /* Skystones */,
				5B2089AA2C9E69D80064028E /* Products */,
			);
			sourceTree = "<group>";
		};
		5B2089AA2C9E69D80064028E /* Products */ = {
			isa = PBXGroup;
			children = (
				5B2089A92C9E69D80064028E /* Skystones.app */,
			);
			name = Products;
			sourceTree = "<group>";
		};
		5B2089AB2C9E69D80064028E /* Skystones */ = {
			isa = PBXGroup;
			children = (
				5B2089E42CBCD8D90064028E /* Info.plist */,
				5B2089AC2C9E69D80064028E /* SkystonesApp.swift */,
				5B2089C82C9F7E4C0064028E /* ViewModels */,
				5B2089C72C9F7E440064028E /* Models */,
				5B2089C62C9F7E3C0064028E /* Views */,
				5B2089B02C9E69D90064028E /* Assets.xcassets */,
				5B2089E02CAB3FC70064028E /* portal.gif */,
				5B2089CC2C9FE1040064028E /* BoardBG.gif */,
				5B2089B22C9E69D90064028E /* Preview Content */,
				5B2089E52CBCD92D0064028E /* LaunchScreen.storyboard */,
			);
			path = Skystones;
			sourceTree = "<group>";
		};
		5B2089B22C9E69D90064028E /* Preview Content */ = {
			isa = PBXGroup;
			children = (
				5B2089B32C9E69D90064028E /* Preview Assets.xcassets */,
			);
			path = "Preview Content";
			sourceTree = "<group>";
		};
		5B2089C62C9F7E3C0064028E /* Views */ = {
			isa = PBXGroup;
			children = (
				5B2089D22CA11A3B0064028E /* PVPView.swift */,
				5B2089C02C9E74E00064028E /* EmptyCellView.swift */,
				5B2089BC2C9E6D210064028E /* SkystoneView.swift */,
				5B2089BA2C9E6B2D0064028E /* GameBoardView.swift */,
				5B2089C92C9FDFCA0064028E /* GIFView.swift */,
				5B2089D02CA0F4310064028E /* TitleView.swift */,
				5B2089D42CA24AB20064028E /* PVCView.swift */,
				5B2089DE2CA8FA380064028E /* PieceSelectionView.swift */,
				5B2089E22CBB770B0064028E /* InstructionsView.swift */,
				5B2089E72CC0BBDB0064028E /* DifficultySelectionView.swift */,
			);
			path = Views;
			sourceTree = "<group>";
		};
		5B2089C72C9F7E440064028E /* Models */ = {
			isa = PBXGroup;
			children = (
				5B2089C42C9F5EC80064028E /* GameModel.swift */,
			);
			path = Models;
			sourceTree = "<group>";
		};
		5B2089C82C9F7E4C0064028E /* ViewModels */ = {
			isa = PBXGroup;
			children = (
				5B2089BE2C9E71CA0064028E /* GameViewModel.swift */,
			);
			path = ViewModels;
			sourceTree = "<group>";
		};
/* End PBXGroup section */

/* Begin PBXNativeTarget section */
		5B2089A82C9E69D80064028E /* Skystones */ = {
			isa = PBXNativeTarget;
			buildConfigurationList = 5B2089B72C9E69D90064028E /* Build configuration list for PBXNativeTarget "Skystones" */;
			buildPhases = (
				5B2089A52C9E69D80064028E /* Sources */,
				5B2089A62C9E69D80064028E /* Frameworks */,
				5B2089A72C9E69D80064028E /* Resources */,
			);
			buildRules = (
			);
			dependencies = (
			);
			name = Skystones;
			productName = Skystones;
			productReference = 5B2089A92C9E69D80064028E /* Skystones.app */;
			productType = "com.apple.product-type.application";
		};
/* End PBXNativeTarget section */

/* Begin PBXProject section */
		5B2089A12C9E69D80064028E /* Project object */ = {
			isa = PBXProject;
			attributes = {
				BuildIndependentTargetsInParallel = 1;
				LastSwiftUpdateCheck = 1540;
				LastUpgradeCheck = 1540;
				TargetAttributes = {
					5B2089A82C9E69D80064028E = {
						CreatedOnToolsVersion = 15.4;
					};
				};
			};
			buildConfigurationList = 5B2089A42C9E69D80064028E /* Build configuration list for PBXProject "Skystones" */;
			compatibilityVersion = "Xcode 14.0";
			developmentRegion = en;
			hasScannedForEncodings = 0;
			knownRegions = (
				en,
				Base,
			);
			mainGroup = 5B2089A02C9E69D80064028E;
			productRefGroup = 5B2089AA2C9E69D80064028E /* Products */;
			projectDirPath = "";
			projectRoot = "";
			targets = (
				5B2089A82C9E69D80064028E /* Skystones */,
			);
		};
/* End PBXProject section */

/* Begin PBXResourcesBuildPhase section */
		5B2089A72C9E69D80064028E /* Resources */ = {
			isa = PBXResourcesBuildPhase;
			buildActionMask = 2147483647;
			files = (
				5B2089E12CAB3FC80064028E /* portal.gif in Resources */,
				5B2089CD2C9FE1040064028E /* BoardBG.gif in Resources */,
				5B2089CB2C9FE0930064028E /* Assets.xcassets in Resources */,
				5B2089E62CBCD92D0064028E /* LaunchScreen.storyboard in Resources */,
				5B2089B42C9E69D90064028E /* Preview Assets.xcassets in Resources */,
			);
			runOnlyForDeploymentPostprocessing = 0;
		};
/* End PBXResourcesBuildPhase section */

/* Begin PBXSourcesBuildPhase section */
		5B2089A52C9E69D80064028E /* Sources */ = {
			isa = PBXSourcesBuildPhase;
			buildActionMask = 2147483647;
			files = (
				5B2089BF2C9E71CA0064028E /* GameViewModel.swift in Sources */,
				5B2089E82CC0BBDB0064028E /* DifficultySelectionView.swift in Sources */,
				5B2089E32CBB770B0064028E /* InstructionsView.swift in Sources */,
				5B2089CA2C9FDFCB0064028E /* GIFView.swift in Sources */,
				5B2089D32CA11A3B0064028E /* PVPView.swift in Sources */,
				5B2089C12C9E74E00064028E /* EmptyCellView.swift in Sources */,
				5B2089BD2C9E6D210064028E /* SkystoneView.swift in Sources */,
				5B2089DF2CA8FA380064028E /* PieceSelectionView.swift in Sources */,
				5B2089D12CA0F4310064028E /* TitleView.swift in Sources */,
				5B2089D52CA24AB20064028E /* PVCView.swift in Sources */,
				5B2089AD2C9E69D80064028E /* SkystonesApp.swift in Sources */,
				5B2089C52C9F5EC80064028E /* GameModel.swift in Sources */,
				5B2089BB2C9E6B2D0064028E /* GameBoardView.swift in Sources */,
			);
			runOnlyForDeploymentPostprocessing = 0;
		};
/* End PBXSourcesBuildPhase section */

/* Begin XCBuildConfiguration section */
		5B2089B52C9E69D90064028E /* Debug */ = {
			isa = XCBuildConfiguration;
			buildSettings = {
				ALWAYS_SEARCH_USER_PATHS = NO;
				ASSETCATALOG_COMPILER_GENERATE_SWIFT_ASSET_SYMBOL_EXTENSIONS = YES;
				CLANG_ANALYZER_NONNULL = YES;
				CLANG_ANALYZER_NUMBER_OBJECT_CONVERSION = YES_AGGRESSIVE;
				CLANG_CXX_LANGUAGE_STANDARD = "gnu++20";
				CLANG_ENABLE_MODULES = YES;
				CLANG_ENABLE_OBJC_ARC = YES;
				CLANG_ENABLE_OBJC_WEAK = YES;
				CLANG_WARN_BLOCK_CAPTURE_AUTORELEASING = YES;
				CLANG_WARN_BOOL_CONVERSION = YES;
				CLANG_WARN_COMMA = YES;
				CLANG_WARN_CONSTANT_CONVERSION = YES;
				CLANG_WARN_DEPRECATED_OBJC_IMPLEMENTATIONS = YES;
				CLANG_WARN_DIRECT_OBJC_ISA_USAGE = YES_ERROR;
				CLANG_WARN_DOCUMENTATION_COMMENTS = YES;
				CLANG_WARN_EMPTY_BODY = YES;
				CLANG_WARN_ENUM_CONVERSION = YES;
				CLANG_WARN_INFINITE_RECURSION = YES;
				CLANG_WARN_INT_CONVERSION = YES;
				CLANG_WARN_NON_LITERAL_NULL_CONVERSION = YES;
				CLANG_WARN_OBJC_IMPLICIT_RETAIN_SELF = YES;
				CLANG_WARN_OBJC_LITERAL_CONVERSION = YES;
				CLANG_WARN_OBJC_ROOT_CLASS = YES_ERROR;
				CLANG_WARN_QUOTED_INCLUDE_IN_FRAMEWORK_HEADER = YES;
				CLANG_WARN_RANGE_LOOP_ANALYSIS = YES;
				CLANG_WARN_STRICT_PROTOTYPES = YES;
				CLANG_WARN_SUSPICIOUS_MOVE = YES;
				CLANG_WARN_UNGUARDED_AVAILABILITY = YES_AGGRESSIVE;
				CLANG_WARN_UNREACHABLE_CODE = YES;
				CLANG_WARN__DUPLICATE_METHOD_MATCH = YES;
				COPY_PHASE_STRIP = NO;
				DEBUG_INFORMATION_FORMAT = dwarf;
				ENABLE_STRICT_OBJC_MSGSEND = YES;
				ENABLE_TESTABILITY = YES;
				ENABLE_USER_SCRIPT_SANDBOXING = YES;
				GCC_C_LANGUAGE_STANDARD = gnu17;
				GCC_DYNAMIC_NO_PIC = NO;
				GCC_NO_COMMON_BLOCKS = YES;
				GCC_OPTIMIZATION_LEVEL = 0;
				GCC_PREPROCESSOR_DEFINITIONS = (
					"DEBUG=1",
					"$(inherited)",
				);
				GCC_WARN_64_TO_32_BIT_CONVERSION = YES;
				GCC_WARN_ABOUT_RETURN_TYPE = YES_ERROR;
				GCC_WARN_UNDECLARED_SELECTOR = YES;
				GCC_WARN_UNINITIALIZED_AUTOS = YES_AGGRESSIVE;
				GCC_WARN_UNUSED_FUNCTION = YES;
				GCC_WARN_UNUSED_VARIABLE = YES;
				IPHONEOS_DEPLOYMENT_TARGET = 17.5;
				LOCALIZATION_PREFERS_STRING_CATALOGS = YES;
				MTL_ENABLE_DEBUG_INFO = INCLUDE_SOURCE;
				MTL_FAST_MATH = YES;
				ONLY_ACTIVE_ARCH = YES;
				SDKROOT = iphoneos;
				SWIFT_ACTIVE_COMPILATION_CONDITIONS = "DEBUG $(inherited)";
				SWIFT_OPTIMIZATION_LEVEL = "-Onone";
			};
			name = Debug;
		};
		5B2089B62C9E69D90064028E /* Release */ = {
			isa = XCBuildConfiguration;
			buildSettings = {
				ALWAYS_SEARCH_USER_PATHS = NO;
				ASSETCATALOG_COMPILER_GENERATE_SWIFT_ASSET_SYMBOL_EXTENSIONS = YES;
				CLANG_ANALYZER_NONNULL = YES;
				CLANG_ANALYZER_NUMBER_OBJECT_CONVERSION = YES_AGGRESSIVE;
				CLANG_CXX_LANGUAGE_STANDARD = "gnu++20";
				CLANG_ENABLE_MODULES = YES;
				CLANG_ENABLE_OBJC_ARC = YES;
				CLANG_ENABLE_OBJC_WEAK = YES;
				CLANG_WARN_BLOCK_CAPTURE_AUTORELEASING = YES;
				CLANG_WARN_BOOL_CONVERSION = YES;
				CLANG_WARN_COMMA = YES;
				CLANG_WARN_CONSTANT_CONVERSION = YES;
				CLANG_WARN_DEPRECATED_OBJC_IMPLEMENTATIONS = YES;
				CLANG_WARN_DIRECT_OBJC_ISA_USAGE = YES_ERROR;
				CLANG_WARN_DOCUMENTATION_COMMENTS = YES;
				CLANG_WARN_EMPTY_BODY = YES;
				CLANG_WARN_ENUM_CONVERSION = YES;
				CLANG_WARN_INFINITE_RECURSION = YES;
				CLANG_WARN_INT_CONVERSION = YES;
				CLANG_WARN_NON_LITERAL_NULL_CONVERSION = YES;
				CLANG_WARN_OBJC_IMPLICIT_RETAIN_SELF = YES;
				CLANG_WARN_OBJC_LITERAL_CONVERSION = YES;
				CLANG_WARN_OBJC_ROOT_CLASS = YES_ERROR;
				CLANG_WARN_QUOTED_INCLUDE_IN_FRAMEWORK_HEADER = YES;
				CLANG_WARN_RANGE_LOOP_ANALYSIS = YES;
				CLANG_WARN_STRICT_PROTOTYPES = YES;
				CLANG_WARN_SUSPICIOUS_MOVE = YES;
				CLANG_WARN_UNGUARDED_AVAILABILITY = YES_AGGRESSIVE;
				CLANG_WARN_UNREACHABLE_CODE = YES;
				CLANG_WARN__DUPLICATE_METHOD_MATCH = YES;
				COPY_PHASE_STRIP = NO;
				DEBUG_INFORMATION_FORMAT = "dwarf-with-dsym";
				ENABLE_NS_ASSERTIONS = NO;
				ENABLE_STRICT_OBJC_MSGSEND = YES;
				ENABLE_USER_SCRIPT_SANDBOXING = YES;
				GCC_C_LANGUAGE_STANDARD = gnu17;
				GCC_NO_COMMON_BLOCKS = YES;
				GCC_WARN_64_TO_32_BIT_CONVERSION = YES;
				GCC_WARN_ABOUT_RETURN_TYPE = YES_ERROR;
				GCC_WARN_UNDECLARED_SELECTOR = YES;
				GCC_WARN_UNINITIALIZED_AUTOS = YES_AGGRESSIVE;
				GCC_WARN_UNUSED_FUNCTION = YES;
				GCC_WARN_UNUSED_VARIABLE = YES;
				IPHONEOS_DEPLOYMENT_TARGET = 17.5;
				LOCALIZATION_PREFERS_STRING_CATALOGS = YES;
				MTL_ENABLE_DEBUG_INFO = NO;
				MTL_FAST_MATH = YES;
				SDKROOT = iphoneos;
				SWIFT_COMPILATION_MODE = wholemodule;
				VALIDATE_PRODUCT = YES;
			};
			name = Release;
		};
		5B2089B82C9E69D90064028E /* Debug */ = {
			isa = XCBuildConfiguration;
			buildSettings = {
				ASSETCATALOG_COMPILER_APPICON_NAME = AppIcon;
				ASSETCATALOG_COMPILER_GLOBAL_ACCENT_COLOR_NAME = AccentColor;
				CODE_SIGN_STYLE = Automatic;
				CURRENT_PROJECT_VERSION = 1;
				DEVELOPMENT_ASSET_PATHS = "\"Skystones/Preview Content\"";
				ENABLE_PREVIEWS = YES;
				GENERATE_INFOPLIST_FILE = YES;
				INFOPLIST_FILE = Skystones/Info.plist;
				INFOPLIST_KEY_UIApplicationSceneManifest_Generation = YES;
				INFOPLIST_KEY_UIApplicationSupportsIndirectInputEvents = YES;
				INFOPLIST_KEY_UILaunchStoryboardName = LaunchScreen.storyboard;
				INFOPLIST_KEY_UISupportedInterfaceOrientations = "UIInterfaceOrientationPortrait UIInterfaceOrientationPortraitUpsideDown";
				LD_RUNPATH_SEARCH_PATHS = (
					"$(inherited)",
					"@executable_path/Frameworks",
				);
				MARKETING_VERSION = 1.0;
				PRODUCT_BUNDLE_IDENTIFIER = nr.Skystones;
				PRODUCT_NAME = "$(TARGET_NAME)";
				SWIFT_EMIT_LOC_STRINGS = YES;
				SWIFT_VERSION = 5.0;
				TARGETED_DEVICE_FAMILY = "1,2";
			};
			name = Debug;
		};
		5B2089B92C9E69D90064028E /* Release */ = {
			isa = XCBuildConfiguration;
			buildSettings = {
				ASSETCATALOG_COMPILER_APPICON_NAME = AppIcon;
				ASSETCATALOG_COMPILER_GLOBAL_ACCENT_COLOR_NAME = AccentColor;
				CODE_SIGN_STYLE = Automatic;
				CURRENT_PROJECT_VERSION = 1;
				DEVELOPMENT_ASSET_PATHS = "\"Skystones/Preview Content\"";
				ENABLE_PREVIEWS = YES;
				GENERATE_INFOPLIST_FILE = YES;
				INFOPLIST_FILE = Skystones/Info.plist;
				INFOPLIST_KEY_UIApplicationSceneManifest_Generation = YES;
				INFOPLIST_KEY_UIApplicationSupportsIndirectInputEvents = YES;
				INFOPLIST_KEY_UILaunchStoryboardName = LaunchScreen.storyboard;
				INFOPLIST_KEY_UISupportedInterfaceOrientations = "UIInterfaceOrientationPortrait UIInterfaceOrientationPortraitUpsideDown";
				LD_RUNPATH_SEARCH_PATHS = (
					"$(inherited)",
					"@executable_path/Frameworks",
				);
				MARKETING_VERSION = 1.0;
				PRODUCT_BUNDLE_IDENTIFIER = nr.Skystones;
				PRODUCT_NAME = "$(TARGET_NAME)";
				SWIFT_EMIT_LOC_STRINGS = YES;
				SWIFT_VERSION = 5.0;
				TARGETED_DEVICE_FAMILY = "1,2";
			};
			name = Release;
		};
/* End XCBuildConfiguration section */

/* Begin XCConfigurationList section */
		5B2089A42C9E69D80064028E /* Build configuration list for PBXProject "Skystones" */ = {
			isa = XCConfigurationList;
			buildConfigurations = (
				5B2089B52C9E69D90064028E /* Debug */,
				5B2089B62C9E69D90064028E /* Release */,
			);
			defaultConfigurationIsVisible = 0;
			defaultConfigurationName = Release;
		};
		5B2089B72C9E69D90064028E /* Build configuration list for PBXNativeTarget "Skystones" */ = {
			isa = XCConfigurationList;
			buildConfigurations = (
				5B2089B82C9E69D90064028E /* Debug */,
				5B2089B92C9E69D90064028E /* Release */,
			);
			defaultConfigurationIsVisible = 0;
			defaultConfigurationName = Release;
		};
/* End XCConfigurationList section */
	};
	rootObject = 5B2089A12C9E69D80064028E /* Project object */;
}
